
Microsoft Visual Studio Solution File, Format Version 12.00
# Visual Studio 14
VisualStudioVersion = 14.0.23107.0
MinimumVisualStudioVersion = 10.0.40219.1
Project("{2150E333-8FDC-42A3-9474-1A3956D46DE8}") = "src", "src", "{59944C67-2FDC-4A74-8C95-72512E2C9799}"
EndProject
Project("{2150E333-8FDC-42A3-9474-1A3956D46DE8}") = "Solution Items", "Solution Items", "{B053902D-3A44-494C-A708-7C738ED0264D}"
	ProjectSection(SolutionItems) = preProject
		global.json = global.json
	EndProjectSection
EndProject
Project("{8BB2217D-0F2D-49D1-97BC-3654ED321F3B}") = "PreStorm", "src\PreStorm\PreStorm.xproj", "{30CF6D45-C5AD-4748-97CE-269B0D7680BA}"
EndProject
Global
	GlobalSection(SolutionConfigurationPlatforms) = preSolution
		Debug|Any CPU = Debug|Any CPU
		Release|Any CPU = Release|Any CPU
	EndGlobalSection
	GlobalSection(ProjectConfigurationPlatforms) = postSolution
		{30CF6D45-C5AD-4748-97CE-269B0D7680BA}.Debug|Any CPU.ActiveCfg = Debug|Any CPU
		{30CF6D45-C5AD-4748-97CE-269B0D7680BA}.Debug|Any CPU.Build.0 = Debug|Any CPU
		{30CF6D45-C5AD-4748-97CE-269B0D7680BA}.Release|Any CPU.ActiveCfg = Release|Any CPU
		{30CF6D45-C5AD-4748-97CE-269B0D7680BA}.Release|Any CPU.Build.0 = Release|Any CPU
	EndGlobalSection
	GlobalSection(SolutionProperties) = preSolution
		HideSolutionNode = FALSE
	EndGlobalSection
	GlobalSection(NestedProjects) = preSolution
		{30CF6D45-C5AD-4748-97CE-269B0D7680BA} = {59944C67-2FDC-4A74-8C95-72512E2C9799}
	EndGlobalSection
EndGlobal
